{
  "version": "2",
  "remote": {},
  "npm": {
    "specifiers": {
      "aws-cdk": "aws-cdk@2.50.0",
      "aws-cdk-lib@2.50.0": "aws-cdk-lib@2.50.0"
    },
    "packages": {
      "@balena/dockerignore@1.0.2": {
        "integrity": "sha512-wMue2Sy4GAVTk6Ic4tJVcnfdau+gx2EnG7S+uAEe+TWJFqE4YoWN4/H8MSLj4eYJKxGg26lZwboEniNiNwZQ6Q==",
        "dependencies": {}
      },
      "at-least-node@1.0.0": {
        "integrity": "sha512-+q/t7Ekv1EDY2l6Gda6LLiX14rU9TV20Wa3ofeQmwPFZbOMo9DXrLbOjFaaclkXKWidIaopwAObQDqwWtGUjqg==",
        "dependencies": {}
      },
      "aws-cdk-lib@2.50.0": {
        "integrity": "sha512-deDbZTI7oyu3rqUyqjwhP6tnUO8MD70lE98yR65xiYty4yXBpsWKbeH3s1wNLpLAWS3hWJYyMtjZ4ZfC35NtVg==",
        "dependencies": {
          "@balena/dockerignore": "@balena/dockerignore@1.0.2",
          "case": "case@1.6.3",
          "constructs": "constructs@10.1.162",
          "fs-extra": "fs-extra@9.1.0",
          "ignore": "ignore@5.2.0",
          "jsonschema": "jsonschema@1.4.1",
          "minimatch": "minimatch@3.1.2",
          "punycode": "punycode@2.1.1",
          "semver": "semver@7.3.8",
          "yaml": "yaml@1.10.2"
        }
      },
      "aws-cdk@2.50.0": {
        "integrity": "sha512-55vmKTf2DZRqioumVfXn+S0H9oAbpRK3HFHY8EjZ5ykR5tq2+XiMWEZkYduX2HJhVAeHJJIS6h+Okk3smZjeqw==",
        "dependencies": { "fsevents": "fsevents@2.3.2" }
      },
      "balanced-match@1.0.2": {
        "integrity": "sha512-3oSeUO0TMV67hN1AmbXsK4yaqU7tjiHlbxRDZOpH0KW9+CeX4bRAaX0Anxt0tx2MrpRpWwQaPwIlISEJhYU5Pw==",
        "dependencies": {}
      },
      "brace-expansion@1.1.11": {
        "integrity": "sha512-iCuPHDFgrHX7H2vEI/5xpz07zSHB00TpugqhmYtVmMO6518mCuRMoOYFldEBl0g187ufozdaHgWKcYFb61qGiA==",
        "dependencies": {
          "balanced-match": "balanced-match@1.0.2",
          "concat-map": "concat-map@0.0.1"
        }
      },
      "case@1.6.3": {
        "integrity": "sha512-mzDSXIPaFwVDvZAHqZ9VlbyF4yyXRuX6IvB06WvPYkqJVO24kX1PPhv9bfpKNFZyxYFmmgo03HUiD8iklmJYRQ==",
        "dependencies": {}
      },
      "concat-map@0.0.1": {
        "integrity": "sha512-/Srv4dswyQNBfohGpz9o6Yb3Gz3SrUDqBH5rTuhGR7ahtlbYKnVxw2bCFMRljaA7EXHaXZ8wsHdodFvbkhKmqg==",
        "dependencies": {}
      },
      "constructs@10.1.162": {
        "integrity": "sha512-7baN0u86OKY5Cna7AzkFwcCKQo2caYZ/TMBNdUCj/1bYaz+k9KGhMsAQeXAdfK8UeJ18nqgE2HxQC2X+fErc2g==",
        "dependencies": {}
      },
      "fs-extra@9.1.0": {
        "integrity": "sha512-hcg3ZmepS30/7BSFqRvoo3DOMQu7IjqxO5nCDt+zM9XWjb33Wg7ziNT+Qvqbuc3+gWpzO02JubVyk2G4Zvo1OQ==",
        "dependencies": {
          "at-least-node": "at-least-node@1.0.0",
          "graceful-fs": "graceful-fs@4.2.10",
          "jsonfile": "jsonfile@6.1.0",
          "universalify": "universalify@2.0.0"
        }
      },
      "fsevents@2.3.2": {
        "integrity": "sha512-xiqMQR4xAeHTuB9uWm+fFRcIOgKBMiOBP+eXiyT7jsgVCq1bkVygt00oASowB7EdtpOHaaPgKt812P9ab+DDKA==",
        "dependencies": {}
      },
      "graceful-fs@4.2.10": {
        "integrity": "sha512-9ByhssR2fPVsNZj478qUUbKfmL0+t5BDVyjShtyZZLiK7ZDAArFFfopyOTj0M05wE2tJPisA4iTnnXl2YoPvOA==",
        "dependencies": {}
      },
      "ignore@5.2.0": {
        "integrity": "sha512-CmxgYGiEPCLhfLnpPp1MoRmifwEIOgjcHXxOBjv7mY96c+eWScsOP9c112ZyLdWHi0FxHjI+4uVhKYp/gcdRmQ==",
        "dependencies": {}
      },
      "jsonfile@6.1.0": {
        "integrity": "sha512-5dgndWOriYSm5cnYaJNhalLNDKOqFwyDB/rr1E9ZsGciGvKPs8R2xYGCacuf3z6K1YKDz182fd+fY3cn3pMqXQ==",
        "dependencies": {
          "graceful-fs": "graceful-fs@4.2.10",
          "universalify": "universalify@2.0.0"
        }
      },
      "jsonschema@1.4.1": {
        "integrity": "sha512-S6cATIPVv1z0IlxdN+zUk5EPjkGCdnhN4wVSBlvoUO1tOLJootbo9CquNJmbIh4yikWHiUedhRYrNPn1arpEmQ==",
        "dependencies": {}
      },
      "lru-cache@6.0.0": {
        "integrity": "sha512-Jo6dJ04CmSjuznwJSS3pUeWmd/H0ffTlkXXgwZi+eq1UCmqQwCh+eLsYOYCwY991i2Fah4h1BEMCx4qThGbsiA==",
        "dependencies": { "yallist": "yallist@4.0.0" }
      },
      "minimatch@3.1.2": {
        "integrity": "sha512-J7p63hRiAjw1NDEww1W7i37+ByIrOWO5XQQAzZ3VOcL0PNybwpfmV/N05zFAzwQ9USyEcX6t3UO+K5aqBQOIHw==",
        "dependencies": { "brace-expansion": "brace-expansion@1.1.11" }
      },
      "punycode@2.1.1": {
        "integrity": "sha512-XRsRjdf+j5ml+y/6GKHPZbrF/8p2Yga0JPtdqTIY2Xe5ohJPD9saDJJLPvp9+NSBprVvevdXZybnj2cv8OEd0A==",
        "dependencies": {}
      },
      "semver@7.3.8": {
        "integrity": "sha512-NB1ctGL5rlHrPJtFDVIVzTyQylMLu9N9VICA6HSFJo8MCGVTMW6gfpicwKmmK/dAjTOrqu5l63JJOpDSrAis3A==",
        "dependencies": { "lru-cache": "lru-cache@6.0.0" }
      },
      "universalify@2.0.0": {
        "integrity": "sha512-hAZsKq7Yy11Zu1DE0OzWjw7nnLZmJZYTDZZyEFHZdUhV8FkH5MCfoU1XMaxXovpyW5nq5scPqq0ZDP9Zyl04oQ==",
        "dependencies": {}
      },
      "yallist@4.0.0": {
        "integrity": "sha512-3wdGidZyq5PB084XLES5TpOSRA3wjXAlIWMhum2kRcv/41Sn2emQ0dycQW4uZXLejwKvg6EsvbdlVL+FYEct7A==",
        "dependencies": {}
      },
      "yaml@1.10.2": {
        "integrity": "sha512-r3vXyErRCYJ7wg28yvBY5VSoAF8ZvlcW9/BwUzEtUsjvX/DKs24dIkuwjtuprwJJHsbyUbLApepYTR1BN4uHrg==",
        "dependencies": {}
      }
    }
  }
}
