{
  "version": "2",
  "remote": {},
  "npm": {
    "specifiers": {
      "aws-cdk-lib@2.59.0": "aws-cdk-lib@2.59.0",
      "aws-cdk@2.59.0": "aws-cdk@2.59.0"
    },
    "packages": {
      "@aws-cdk/asset-awscli-v1@2.2.49": {
        "integrity": "sha512-Qd5bdLlC/sphWQQPNn7etKXWCh+fij7DWxtkIwvhhZ+LM6UEApGLS8sBLBQcRO2ZQdEuNb+zeClUy+3DNojfeg==",
        "dependencies": {}
      },
      "@aws-cdk/asset-kubectl-v20@2.1.1": {
        "integrity": "sha512-U1ntiX8XiMRRRH5J1IdC+1t5CE89015cwyt5U63Cpk0GnMlN5+h9WsWMlKlPXZR4rdq/m806JRlBMRpBUB2Dhw==",
        "dependencies": {}
      },
      "@aws-cdk/asset-node-proxy-agent-v5@2.0.38": {
        "integrity": "sha512-BBwAjORhuUkTGO3CxGS5Evcp5n20h9v06Sftn2R1DuSm8zIoUlPsNlI1HUk8XqYuoEI4aD7IKRQBLglv09ciJQ==",
        "dependencies": {}
      },
      "@balena/dockerignore@1.0.2": {
        "integrity": "sha512-wMue2Sy4GAVTk6Ic4tJVcnfdau+gx2EnG7S+uAEe+TWJFqE4YoWN4/H8MSLj4eYJKxGg26lZwboEniNiNwZQ6Q==",
        "dependencies": {}
      },
      "at-least-node@1.0.0": {
        "integrity": "sha512-+q/t7Ekv1EDY2l6Gda6LLiX14rU9TV20Wa3ofeQmwPFZbOMo9DXrLbOjFaaclkXKWidIaopwAObQDqwWtGUjqg==",
        "dependencies": {}
      },
      "aws-cdk-lib@2.59.0": {
        "integrity": "sha512-FT6QRsou8TibQcz/TqI3rEkB9EBVF5Om5lv9MXz/5qiKehWRbKZVX0I0l/SSAvGSmdTU5Pfr+WRBTk51oNMAdw==",
        "dependencies": {
          "@aws-cdk/asset-awscli-v1": "@aws-cdk/asset-awscli-v1@2.2.49",
          "@aws-cdk/asset-kubectl-v20": "@aws-cdk/asset-kubectl-v20@2.1.1",
          "@aws-cdk/asset-node-proxy-agent-v5": "@aws-cdk/asset-node-proxy-agent-v5@2.0.38",
          "@balena/dockerignore": "@balena/dockerignore@1.0.2",
          "case": "case@1.6.3",
          "constructs": "constructs@10.1.209",
          "fs-extra": "fs-extra@9.1.0",
          "ignore": "ignore@5.2.4",
          "jsonschema": "jsonschema@1.4.1",
          "minimatch": "minimatch@3.1.2",
          "punycode": "punycode@2.1.1",
          "semver": "semver@7.3.8",
          "yaml": "yaml@1.10.2"
        }
      },
      "aws-cdk@2.59.0": {
        "integrity": "sha512-5xKh+nC6wLsjYGwA+YYbX9ZonJLYmthxSZy8pK/Bm9rL2mFpnMKvQZJz67L6ghOt1XumoB1vZbIhptln68jTuw==",
        "dependencies": { "fsevents": "fsevents@2.3.2" }
      },
      "balanced-match@1.0.2": {
        "integrity": "sha512-3oSeUO0TMV67hN1AmbXsK4yaqU7tjiHlbxRDZOpH0KW9+CeX4bRAaX0Anxt0tx2MrpRpWwQaPwIlISEJhYU5Pw==",
        "dependencies": {}
      },
      "brace-expansion@1.1.11": {
        "integrity": "sha512-iCuPHDFgrHX7H2vEI/5xpz07zSHB00TpugqhmYtVmMO6518mCuRMoOYFldEBl0g187ufozdaHgWKcYFb61qGiA==",
        "dependencies": {
          "balanced-match": "balanced-match@1.0.2",
          "concat-map": "concat-map@0.0.1"
        }
      },
      "case@1.6.3": {
        "integrity": "sha512-mzDSXIPaFwVDvZAHqZ9VlbyF4yyXRuX6IvB06WvPYkqJVO24kX1PPhv9bfpKNFZyxYFmmgo03HUiD8iklmJYRQ==",
        "dependencies": {}
      },
      "concat-map@0.0.1": {
        "integrity": "sha512-/Srv4dswyQNBfohGpz9o6Yb3Gz3SrUDqBH5rTuhGR7ahtlbYKnVxw2bCFMRljaA7EXHaXZ8wsHdodFvbkhKmqg==",
        "dependencies": {}
      },
      "constructs@10.1.209": {
        "integrity": "sha512-BLvvM9bsKg4AGgeHWzT2elFh4UCFgmF4JyRjFcUMmHPJzgmErSwzUen/jVP4kI28nahakJXouiff6KZt0ey+3Q==",
        "dependencies": {}
      },
      "fs-extra@9.1.0": {
        "integrity": "sha512-hcg3ZmepS30/7BSFqRvoo3DOMQu7IjqxO5nCDt+zM9XWjb33Wg7ziNT+Qvqbuc3+gWpzO02JubVyk2G4Zvo1OQ==",
        "dependencies": {
          "at-least-node": "at-least-node@1.0.0",
          "graceful-fs": "graceful-fs@4.2.10",
          "jsonfile": "jsonfile@6.1.0",
          "universalify": "universalify@2.0.0"
        }
      },
      "fsevents@2.3.2": {
        "integrity": "sha512-xiqMQR4xAeHTuB9uWm+fFRcIOgKBMiOBP+eXiyT7jsgVCq1bkVygt00oASowB7EdtpOHaaPgKt812P9ab+DDKA==",
        "dependencies": {}
      },
      "graceful-fs@4.2.10": {
        "integrity": "sha512-9ByhssR2fPVsNZj478qUUbKfmL0+t5BDVyjShtyZZLiK7ZDAArFFfopyOTj0M05wE2tJPisA4iTnnXl2YoPvOA==",
        "dependencies": {}
      },
      "ignore@5.2.4": {
        "integrity": "sha512-MAb38BcSbH0eHNBxn7ql2NH/kX33OkB3lZ1BNdh7ENeRChHTYsTvWrMubiIAMNS2llXEEgZ1MUOBtXChP3kaFQ==",
        "dependencies": {}
      },
      "jsonfile@6.1.0": {
        "integrity": "sha512-5dgndWOriYSm5cnYaJNhalLNDKOqFwyDB/rr1E9ZsGciGvKPs8R2xYGCacuf3z6K1YKDz182fd+fY3cn3pMqXQ==",
        "dependencies": {
          "graceful-fs": "graceful-fs@4.2.10",
          "universalify": "universalify@2.0.0"
        }
      },
      "jsonschema@1.4.1": {
        "integrity": "sha512-S6cATIPVv1z0IlxdN+zUk5EPjkGCdnhN4wVSBlvoUO1tOLJootbo9CquNJmbIh4yikWHiUedhRYrNPn1arpEmQ==",
        "dependencies": {}
      },
      "lru-cache@6.0.0": {
        "integrity": "sha512-Jo6dJ04CmSjuznwJSS3pUeWmd/H0ffTlkXXgwZi+eq1UCmqQwCh+eLsYOYCwY991i2Fah4h1BEMCx4qThGbsiA==",
        "dependencies": { "yallist": "yallist@4.0.0" }
      },
      "minimatch@3.1.2": {
        "integrity": "sha512-J7p63hRiAjw1NDEww1W7i37+ByIrOWO5XQQAzZ3VOcL0PNybwpfmV/N05zFAzwQ9USyEcX6t3UO+K5aqBQOIHw==",
        "dependencies": { "brace-expansion": "brace-expansion@1.1.11" }
      },
      "punycode@2.1.1": {
        "integrity": "sha512-XRsRjdf+j5ml+y/6GKHPZbrF/8p2Yga0JPtdqTIY2Xe5ohJPD9saDJJLPvp9+NSBprVvevdXZybnj2cv8OEd0A==",
        "dependencies": {}
      },
      "semver@7.3.8": {
        "integrity": "sha512-NB1ctGL5rlHrPJtFDVIVzTyQylMLu9N9VICA6HSFJo8MCGVTMW6gfpicwKmmK/dAjTOrqu5l63JJOpDSrAis3A==",
        "dependencies": { "lru-cache": "lru-cache@6.0.0" }
      },
      "universalify@2.0.0": {
        "integrity": "sha512-hAZsKq7Yy11Zu1DE0OzWjw7nnLZmJZYTDZZyEFHZdUhV8FkH5MCfoU1XMaxXovpyW5nq5scPqq0ZDP9Zyl04oQ==",
        "dependencies": {}
      },
      "yallist@4.0.0": {
        "integrity": "sha512-3wdGidZyq5PB084XLES5TpOSRA3wjXAlIWMhum2kRcv/41Sn2emQ0dycQW4uZXLejwKvg6EsvbdlVL+FYEct7A==",
        "dependencies": {}
      },
      "yaml@1.10.2": {
        "integrity": "sha512-r3vXyErRCYJ7wg28yvBY5VSoAF8ZvlcW9/BwUzEtUsjvX/DKs24dIkuwjtuprwJJHsbyUbLApepYTR1BN4uHrg==",
        "dependencies": {}
      }
    }
  }
}
